{
  "name": "util-i",
  "version": "1.1.1",
  "lockfileVersion": 1,
  "requires": true,
  "dependencies": {
    "pcreate-config": {
      "version": "1.1.1",
      "resolved": "http://registry.npm.taobao.org/pcreate-config/download/pcreate-config-1.1.1.tgz",
      "integrity": "sha1-+CfZ2KOVZn4SCCeB9Bm+w20YeR8=",
      "dev": true
    }
  }
}